
Microsoft Visual Studio Solution File, Format Version 12.00
# Visual Studio Version 16
VisualStudioVersion = 16.0.32413.511
MinimumVisualStudioVersion = 10.0.40219.1
Project("{FAE04EC0-301F-11D3-BF4B-00C04F79EFBC}") = "LimitedSizeStack", "LimitedSizeStack\LimitedSizeStack.csproj", "{38181845-7439-451A-BC6E-1DB5C403D168}"
EndProject
Project("{FAE04EC0-301F-11D3-BF4B-00C04F79EFBC}") = "TestProject1", "TestProject1\TestProject1.csproj", "{DD139FAF-E625-4603-9554-F7E1598637B0}"
EndProject
Global
	GlobalSection(SolutionConfigurationPlatforms) = preSolution
		Debug|Any CPU = Debug|Any CPU
		Release|Any CPU = Release|Any CPU
	EndGlobalSection
	GlobalSection(ProjectConfigurationPlatforms) = postSolution
		{38181845-7439-451A-BC6E-1DB5C403D168}.Debug|Any CPU.ActiveCfg = Debug|Any CPU
		{38181845-7439-451A-BC6E-1DB5C403D168}.Debug|Any CPU.Build.0 = Debug|Any CPU
		{38181845-7439-451A-BC6E-1DB5C403D168}.Release|Any CPU.ActiveCfg = Release|Any CPU
		{38181845-7439-451A-BC6E-1DB5C403D168}.Release|Any CPU.Build.0 = Release|Any CPU
		{DD139FAF-E625-4603-9554-F7E1598637B0}.Debug|Any CPU.ActiveCfg = Debug|Any CPU
		{DD139FAF-E625-4603-9554-F7E1598637B0}.Debug|Any CPU.Build.0 = Debug|Any CPU
		{DD139FAF-E625-4603-9554-F7E1598637B0}.Release|Any CPU.ActiveCfg = Release|Any CPU
		{DD139FAF-E625-4603-9554-F7E1598637B0}.Release|Any CPU.Build.0 = Release|Any CPU
	EndGlobalSection
	GlobalSection(SolutionProperties) = preSolution
		HideSolutionNode = FALSE
	EndGlobalSection
	GlobalSection(ExtensibilityGlobals) = postSolution
		SolutionGuid = {647C8EA9-3F94-4E51-9E0E-B214188D3ADC}
	EndGlobalSection
EndGlobal
